
Microsoft Visual Studio Solution File, Format Version 12.00
# Visual Studio Version 17
VisualStudioVersion = 17.4.33110.190
MinimumVisualStudioVersion = 10.0.40219.1
Project("{9A19103F-16F7-4668-BE54-9A1E7A4F7556}") = "Esorb.Certificate.App", "Esorb.Certificate.App\Esorb.Certificate.App.csproj", "{EF69FD22-0AE0-4381-8392-6A473A418A86}"
EndProject
Project("{9A19103F-16F7-4668-BE54-9A1E7A4F7556}") = "Esorb.Certificate.UnitTests", "Esorb.Certificate.UnitTests\Esorb.Certificate.UnitTests.csproj", "{16F9BBBF-D292-401B-A18E-934970150739}"
EndProject
Global
	GlobalSection(SolutionConfigurationPlatforms) = preSolution
		Debug|Any CPU = Debug|Any CPU
		Release|Any CPU = Release|Any CPU
	EndGlobalSection
	GlobalSection(ProjectConfigurationPlatforms) = postSolution
		{EF69FD22-0AE0-4381-8392-6A473A418A86}.Debug|Any CPU.ActiveCfg = Debug|Any CPU
		{EF69FD22-0AE0-4381-8392-6A473A418A86}.Debug|Any CPU.Build.0 = Debug|Any CPU
		{EF69FD22-0AE0-4381-8392-6A473A418A86}.Release|Any CPU.ActiveCfg = Release|Any CPU
		{EF69FD22-0AE0-4381-8392-6A473A418A86}.Release|Any CPU.Build.0 = Release|Any CPU
		{16F9BBBF-D292-401B-A18E-934970150739}.Debug|Any CPU.ActiveCfg = Debug|Any CPU
		{16F9BBBF-D292-401B-A18E-934970150739}.Debug|Any CPU.Build.0 = Debug|Any CPU
		{16F9BBBF-D292-401B-A18E-934970150739}.Release|Any CPU.ActiveCfg = Release|Any CPU
		{16F9BBBF-D292-401B-A18E-934970150739}.Release|Any CPU.Build.0 = Release|Any CPU
	EndGlobalSection
	GlobalSection(SolutionProperties) = preSolution
		HideSolutionNode = FALSE
	EndGlobalSection
	GlobalSection(ExtensibilityGlobals) = postSolution
		SolutionGuid = {CC554508-3A8A-4F07-951E-C593CBAEBC74}
	EndGlobalSection
EndGlobal
